
Microsoft Visual Studio Solution File, Format Version 12.00
# Visual Studio Version 17
VisualStudioVersion = 17.4.33213.308
MinimumVisualStudioVersion = 10.0.40219.1
Project("{FAE04EC0-301F-11D3-BF4B-00C04F79EFBC}") = "csharp-tgame", "csharp-tgame\csharp-tgame.csproj", "{1717DCA6-A9AC-4DD9-8743-C3E57DC41FC5}"
EndProject
Global
	GlobalSection(SolutionConfigurationPlatforms) = preSolution
		Debug|Any CPU = Debug|Any CPU
		Release|Any CPU = Release|Any CPU
	EndGlobalSection
	GlobalSection(ProjectConfigurationPlatforms) = postSolution
		{1717DCA6-A9AC-4DD9-8743-C3E57DC41FC5}.Debug|Any CPU.ActiveCfg = Debug|Any CPU
		{1717DCA6-A9AC-4DD9-8743-C3E57DC41FC5}.Debug|Any CPU.Build.0 = Debug|Any CPU
		{1717DCA6-A9AC-4DD9-8743-C3E57DC41FC5}.Release|Any CPU.ActiveCfg = Release|Any CPU
		{1717DCA6-A9AC-4DD9-8743-C3E57DC41FC5}.Release|Any CPU.Build.0 = Release|Any CPU
	EndGlobalSection
	GlobalSection(SolutionProperties) = preSolution
		HideSolutionNode = FALSE
	EndGlobalSection
	GlobalSection(ExtensibilityGlobals) = postSolution
		SolutionGuid = {C8ED8B6B-9CF6-401A-BDBB-05B2D753A962}
	EndGlobalSection
EndGlobal
